Microsoft Visual Studio Solution File, Format Version 12.00
# Visual Studio Version 17
VisualStudioVersion = 17.5.2.0
MinimumVisualStudioVersion = 10.0.40219.1
Project("{FAE04EC0-301F-11D3-BF4B-00C04F79EFBC}") = "PadelBooking.Api", "PadelBooking.Api.csproj", "{B8B381A2-0F79-011F-0D49-99C935F1140B}"
EndProject
Global
	GlobalSection(SolutionConfigurationPlatforms) = preSolution
		Debug|Any CPU = Debug|Any CPU
		Release|Any CPU = Release|Any CPU
	EndGlobalSection
	GlobalSection(ProjectConfigurationPlatforms) = postSolution
		{B8B381A2-0F79-011F-0D49-99C935F1140B}.Debug|Any CPU.ActiveCfg = Debug|Any CPU
		{B8B381A2-0F79-011F-0D49-99C935F1140B}.Debug|Any CPU.Build.0 = Debug|Any CPU
		{B8B381A2-0F79-011F-0D49-99C935F1140B}.Release|Any CPU.ActiveCfg = Release|Any CPU
		{B8B381A2-0F79-011F-0D49-99C935F1140B}.Release|Any CPU.Build.0 = Release|Any CPU
	EndGlobalSection
	GlobalSection(SolutionProperties) = preSolution
		HideSolutionNode = FALSE
	EndGlobalSection
	GlobalSection(ExtensibilityGlobals) = postSolution
		SolutionGuid = {227A4177-C289-4D8F-A8A3-022CB1FDDECD}
	EndGlobalSection
EndGlobal
